
Microsoft Visual Studio Solution File, Format Version 12.00
# Visual Studio 14
VisualStudioVersion = 14.0.25420.1
MinimumVisualStudioVersion = 10.0.40219.1
Project("{FAE04EC0-301F-11D3-BF4B-00C04F79EFBC}") = "XamarinFormsStarterKit.Droid", "XamarinFormsStarterKit\XamarinFormsStarterKit.Droid\XamarinFormsStarterKit.Droid.csproj", "{767B7E68-6A87-41AE-8568-35CA66191EB5}"
EndProject
Project("{FAE04EC0-301F-11D3-BF4B-00C04F79EFBC}") = "XamarinFormsStarterKit.iOS", "XamarinFormsStarterKit\XamarinFormsStarterKit.iOS\XamarinFormsStarterKit.iOS.csproj", "{DE45B72C-7451-421E-BD89-DD6BE6054970}"
EndProject
Project("{FAE04EC0-301F-11D3-BF4B-00C04F79EFBC}") = "XamarinFormsStarterKit.WinPhone", "XamarinFormsStarterKit\XamarinFormsStarterKit.WinPhone\XamarinFormsStarterKit.WinPhone.csproj", "{C46775C1-4C78-4CD1-B040-36762A7EE86F}"
EndProject
Project("{FAE04EC0-301F-11D3-BF4B-00C04F79EFBC}") = "XamarinFormsStarterKit.Windows", "XamarinFormsStarterKit\XamarinFormsStarterKit.Windows\XamarinFormsStarterKit.Windows.csproj", "{E7931D5F-69C6-451C-8E6A-D2C21460B3DB}"
EndProject
Project("{FAE04EC0-301F-11D3-BF4B-00C04F79EFBC}") = "XamarinFormsStarterKit", "XamarinFormsStarterKit\XamarinFormsStarterKit\XamarinFormsStarterKit.csproj", "{2AE49240-F391-4A1D-9FB9-2EDCA4C8B707}"
EndProject
Project("{FAE04EC0-301F-11D3-BF4B-00C04F79EFBC}") = "XamarinFormsStarterKit.UWP", "XamarinFormsStarterKit.UWP\XamarinFormsStarterKit.UWP.csproj", "{4662E954-4671-4FBD-BE44-75F5DA26E9B1}"
EndProject
Global
	GlobalSection(SolutionConfigurationPlatforms) = preSolution
		Ad-Hoc|Any CPU = Ad-Hoc|Any CPU
		Ad-Hoc|ARM = Ad-Hoc|ARM
		Ad-Hoc|iPhone = Ad-Hoc|iPhone
		Ad-Hoc|iPhoneSimulator = Ad-Hoc|iPhoneSimulator
		Ad-Hoc|x64 = Ad-Hoc|x64
		Ad-Hoc|x86 = Ad-Hoc|x86
		AppStore|Any CPU = AppStore|Any CPU
		AppStore|ARM = AppStore|ARM
		AppStore|iPhone = AppStore|iPhone
		AppStore|iPhoneSimulator = AppStore|iPhoneSimulator
		AppStore|x64 = AppStore|x64
		AppStore|x86 = AppStore|x86
		Debug|Any CPU = Debug|Any CPU
		Debug|ARM = Debug|ARM
		Debug|iPhone = Debug|iPhone
		Debug|iPhoneSimulator = Debug|iPhoneSimulator
		Debug|x64 = Debug|x64
		Debug|x86 = Debug|x86
		Release|Any CPU = Release|Any CPU
		Release|ARM = Release|ARM
		Release|iPhone = Release|iPhone
		Release|iPhoneSimulator = Release|iPhoneSimulator
		Release|x64 = Release|x64
		Release|x86 = Release|x86
	EndGlobalSection
	GlobalSection(ProjectConfigurationPlatforms) = postSolution
		{767B7E68-6A87-41AE-8568-35CA66191EB5}.Ad-Hoc|Any CPU.ActiveCfg = Release|Any CPU
		{767B7E68-6A87-41AE-8568-35CA66191EB5}.Ad-Hoc|Any CPU.Build.0 = Release|Any CPU
		{767B7E68-6A87-41AE-8568-35CA66191EB5}.Ad-Hoc|Any CPU.Deploy.0 = Release|Any CPU
		{767B7E68-6A87-41AE-8568-35CA66191EB5}.Ad-Hoc|ARM.ActiveCfg = Release|Any CPU
		{767B7E68-6A87-41AE-8568-35CA66191EB5}.Ad-Hoc|ARM.Build.0 = Release|Any CPU
		{767B7E68-6A87-41AE-8568-35CA66191EB5}.Ad-Hoc|ARM.Deploy.0 = Release|Any CPU
		{767B7E68-6A87-41AE-8568-35CA66191EB5}.Ad-Hoc|iPhone.ActiveCfg = Release|Any CPU
		{767B7E68-6A87-41AE-8568-35CA66191EB5}.Ad-Hoc|iPhone.Build.0 = Release|Any CPU
		{767B7E68-6A87-41AE-8568-35CA66191EB5}.Ad-Hoc|iPhone.Deploy.0 = Release|Any CPU
		{767B7E68-6A87-41AE-8568-35CA66191EB5}.Ad-Hoc|iPhoneSimulator.ActiveCfg = Release|Any CPU
		{767B7E68-6A87-41AE-8568-35CA66191EB5}.Ad-Hoc|iPhoneSimulator.Build.0 = Release|Any CPU
		{767B7E68-6A87-41AE-8568-35CA66191EB5}.Ad-Hoc|iPhoneSimulator.Deploy.0 = Release|Any CPU
		{767B7E68-6A87-41AE-8568-35CA66191EB5}.Ad-Hoc|x64.ActiveCfg = Release|Any CPU
		{767B7E68-6A87-41AE-8568-35CA66191EB5}.Ad-Hoc|x64.Build.0 = Release|Any CPU
		{767B7E68-6A87-41AE-8568-35CA66191EB5}.Ad-Hoc|x64.Deploy.0 = Release|Any CPU
		{767B7E68-6A87-41AE-8568-35CA66191EB5}.Ad-Hoc|x86.ActiveCfg = Release|Any CPU
		{767B7E68-6A87-41AE-8568-35CA66191EB5}.Ad-Hoc|x86.Build.0 = Release|Any CPU
		{767B7E68-6A87-41AE-8568-35CA66191EB5}.Ad-Hoc|x86.Deploy.0 = Release|Any CPU
		{767B7E68-6A87-41AE-8568-35CA66191EB5}.AppStore|Any CPU.ActiveCfg = Release|Any CPU
		{767B7E68-6A87-41AE-8568-35CA66191EB5}.AppStore|Any CPU.Build.0 = Release|Any CPU
		{767B7E68-6A87-41AE-8568-35CA66191EB5}.AppStore|Any CPU.Deploy.0 = Release|Any CPU
		{767B7E68-6A87-41AE-8568-35CA66191EB5}.AppStore|ARM.ActiveCfg = Release|Any CPU
		{767B7E68-6A87-41AE-8568-35CA66191EB5}.AppStore|ARM.Build.0 = Release|Any CPU
		{767B7E68-6A87-41AE-8568-35CA66191EB5}.AppStore|ARM.Deploy.0 = Release|Any CPU
		{767B7E68-6A87-41AE-8568-35CA66191EB5}.AppStore|iPhone.ActiveCfg = Release|Any CPU
		{767B7E68-6A87-41AE-8568-35CA66191EB5}.AppStore|iPhone.Build.0 = Release|Any CPU
		{767B7E68-6A87-41AE-8568-35CA66191EB5}.AppStore|iPhone.Deploy.0 = Release|Any CPU
		{767B7E68-6A87-41AE-8568-35CA66191EB5}.AppStore|iPhoneSimulator.ActiveCfg = Release|Any CPU
		{767B7E68-6A87-41AE-8568-35CA66191EB5}.AppStore|iPhoneSimulator.Build.0 = Release|Any CPU
		{767B7E68-6A87-41AE-8568-35CA66191EB5}.AppStore|iPhoneSimulator.Deploy.0 = Release|Any CPU
		{767B7E68-6A87-41AE-8568-35CA66191EB5}.AppStore|x64.ActiveCfg = Release|Any CPU
		{767B7E68-6A87-41AE-8568-35CA66191EB5}.AppStore|x64.Build.0 = Release|Any CPU
		{767B7E68-6A87-41AE-8568-35CA66191EB5}.AppStore|x64.Deploy.0 = Release|Any CPU
		{767B7E68-6A87-41AE-8568-35CA66191EB5}.AppStore|x86.ActiveCfg = Release|Any CPU
		{767B7E68-6A87-41AE-8568-35CA66191EB5}.AppStore|x86.Build.0 = Release|Any CPU
		{767B7E68-6A87-41AE-8568-35CA66191EB5}.AppStore|x86.Deploy.0 = Release|Any CPU
		{767B7E68-6A87-41AE-8568-35CA66191EB5}.Debug|Any CPU.ActiveCfg = Debug|Any CPU
		{767B7E68-6A87-41AE-8568-35CA66191EB5}.Debug|Any CPU.Build.0 = Debug|Any CPU
		{767B7E68-6A87-41AE-8568-35CA66191EB5}.Debug|Any CPU.Deploy.0 = Debug|Any CPU
		{767B7E68-6A87-41AE-8568-35CA66191EB5}.Debug|ARM.ActiveCfg = Debug|Any CPU
		{767B7E68-6A87-41AE-8568-35CA66191EB5}.Debug|ARM.Build.0 = Debug|Any CPU
		{767B7E68-6A87-41AE-8568-35CA66191EB5}.Debug|ARM.Deploy.0 = Debug|Any CPU
		{767B7E68-6A87-41AE-8568-35CA66191EB5}.Debug|iPhone.ActiveCfg = Debug|Any CPU
		{767B7E68-6A87-41AE-8568-35CA66191EB5}.Debug|iPhone.Build.0 = Debug|Any CPU
		{767B7E68-6A87-41AE-8568-35CA66191EB5}.Debug|iPhone.Deploy.0 = Debug|Any CPU
		{767B7E68-6A87-41AE-8568-35CA66191EB5}.Debug|iPhoneSimulator.ActiveCfg = Debug|Any CPU
		{767B7E68-6A87-41AE-8568-35CA66191EB5}.Debug|iPhoneSimulator.Build.0 = Debug|Any CPU
		{767B7E68-6A87-41AE-8568-35CA66191EB5}.Debug|iPhoneSimulator.Deploy.0 = Debug|Any CPU
		{767B7E68-6A87-41AE-8568-35CA66191EB5}.Debug|x64.ActiveCfg = Debug|Any CPU
		{767B7E68-6A87-41AE-8568-35CA66191EB5}.Debug|x64.Build.0 = Debug|Any CPU
		{767B7E68-6A87-41AE-8568-35CA66191EB5}.Debug|x64.Deploy.0 = Debug|Any CPU
		{767B7E68-6A87-41AE-8568-35CA66191EB5}.Debug|x86.ActiveCfg = Debug|Any CPU
		{767B7E68-6A87-41AE-8568-35CA66191EB5}.Debug|x86.Build.0 = Debug|Any CPU
		{767B7E68-6A87-41AE-8568-35CA66191EB5}.Debug|x86.Deploy.0 = Debug|Any CPU
		{767B7E68-6A87-41AE-8568-35CA66191EB5}.Release|Any CPU.ActiveCfg = Release|Any CPU
		{767B7E68-6A87-41AE-8568-35CA66191EB5}.Release|Any CPU.Build.0 = Release|Any CPU
		{767B7E68-6A87-41AE-8568-35CA66191EB5}.Release|Any CPU.Deploy.0 = Release|Any CPU
		{767B7E68-6A87-41AE-8568-35CA66191EB5}.Release|ARM.ActiveCfg = Release|Any CPU
		{767B7E68-6A87-41AE-8568-35CA66191EB5}.Release|ARM.Build.0 = Release|Any CPU
		{767B7E68-6A87-41AE-8568-35CA66191EB5}.Release|ARM.Deploy.0 = Release|Any CPU
		{767B7E68-6A87-41AE-8568-35CA66191EB5}.Release|iPhone.ActiveCfg = Release|Any CPU
		{767B7E68-6A87-41AE-8568-35CA66191EB5}.Release|iPhone.Build.0 = Release|Any CPU
		{767B7E68-6A87-41AE-8568-35CA66191EB5}.Release|iPhone.Deploy.0 = Release|Any CPU
		{767B7E68-6A87-41AE-8568-35CA66191EB5}.Release|iPhoneSimulator.ActiveCfg = Release|Any CPU
		{767B7E68-6A87-41AE-8568-35CA66191EB5}.Release|iPhoneSimulator.Build.0 = Release|Any CPU
		{767B7E68-6A87-41AE-8568-35CA66191EB5}.Release|iPhoneSimulator.Deploy.0 = Release|Any CPU
		{767B7E68-6A87-41AE-8568-35CA66191EB5}.Release|x64.ActiveCfg = Release|Any CPU
		{767B7E68-6A87-41AE-8568-35CA66191EB5}.Release|x64.Build.0 = Release|Any CPU
		{767B7E68-6A87-41AE-8568-35CA66191EB5}.Release|x64.Deploy.0 = Release|Any CPU
		{767B7E68-6A87-41AE-8568-35CA66191EB5}.Release|x86.ActiveCfg = Release|Any CPU
		{767B7E68-6A87-41AE-8568-35CA66191EB5}.Release|x86.Build.0 = Release|Any CPU
		{767B7E68-6A87-41AE-8568-35CA66191EB5}.Release|x86.Deploy.0 = Release|Any CPU
		{DE45B72C-7451-421E-BD89-DD6BE6054970}.Ad-Hoc|Any CPU.ActiveCfg = Ad-Hoc|iPhone
		{DE45B72C-7451-421E-BD89-DD6BE6054970}.Ad-Hoc|ARM.ActiveCfg = Ad-Hoc|iPhone
		{DE45B72C-7451-421E-BD89-DD6BE6054970}.Ad-Hoc|iPhone.ActiveCfg = Ad-Hoc|iPhone
		{DE45B72C-7451-421E-BD89-DD6BE6054970}.Ad-Hoc|iPhone.Build.0 = Ad-Hoc|iPhone
		{DE45B72C-7451-421E-BD89-DD6BE6054970}.Ad-Hoc|iPhoneSimulator.ActiveCfg = Ad-Hoc|iPhoneSimulator
		{DE45B72C-7451-421E-BD89-DD6BE6054970}.Ad-Hoc|iPhoneSimulator.Build.0 = Ad-Hoc|iPhoneSimulator
		{DE45B72C-7451-421E-BD89-DD6BE6054970}.Ad-Hoc|x64.ActiveCfg = Ad-Hoc|iPhone
		{DE45B72C-7451-421E-BD89-DD6BE6054970}.Ad-Hoc|x86.ActiveCfg = Ad-Hoc|iPhone
		{DE45B72C-7451-421E-BD89-DD6BE6054970}.AppStore|Any CPU.ActiveCfg = AppStore|iPhone
		{DE45B72C-7451-421E-BD89-DD6BE6054970}.AppStore|ARM.ActiveCfg = AppStore|iPhone
		{DE45B72C-7451-421E-BD89-DD6BE6054970}.AppStore|iPhone.ActiveCfg = AppStore|iPhone
		{DE45B72C-7451-421E-BD89-DD6BE6054970}.AppStore|iPhone.Build.0 = AppStore|iPhone
		{DE45B72C-7451-421E-BD89-DD6BE6054970}.AppStore|iPhoneSimulator.ActiveCfg = AppStore|iPhoneSimulator
		{DE45B72C-7451-421E-BD89-DD6BE6054970}.AppStore|iPhoneSimulator.Build.0 = AppStore|iPhoneSimulator
		{DE45B72C-7451-421E-BD89-DD6BE6054970}.AppStore|x64.ActiveCfg = AppStore|iPhone
		{DE45B72C-7451-421E-BD89-DD6BE6054970}.AppStore|x86.ActiveCfg = AppStore|iPhone
		{DE45B72C-7451-421E-BD89-DD6BE6054970}.Debug|Any CPU.ActiveCfg = Debug|iPhone
		{DE45B72C-7451-421E-BD89-DD6BE6054970}.Debug|ARM.ActiveCfg = Debug|iPhone
		{DE45B72C-7451-421E-BD89-DD6BE6054970}.Debug|iPhone.ActiveCfg = Debug|iPhone
		{DE45B72C-7451-421E-BD89-DD6BE6054970}.Debug|iPhone.Build.0 = Debug|iPhone
		{DE45B72C-7451-421E-BD89-DD6BE6054970}.Debug|iPhoneSimulator.ActiveCfg = Debug|iPhoneSimulator
		{DE45B72C-7451-421E-BD89-DD6BE6054970}.Debug|iPhoneSimulator.Build.0 = Debug|iPhoneSimulator
		{DE45B72C-7451-421E-BD89-DD6BE6054970}.Debug|x64.ActiveCfg = Debug|iPhone
		{DE45B72C-7451-421E-BD89-DD6BE6054970}.Debug|x86.ActiveCfg = Debug|iPhone
		{DE45B72C-7451-421E-BD89-DD6BE6054970}.Release|Any CPU.ActiveCfg = Release|iPhone
		{DE45B72C-7451-421E-BD89-DD6BE6054970}.Release|ARM.ActiveCfg = Release|iPhone
		{DE45B72C-7451-421E-BD89-DD6BE6054970}.Release|iPhone.ActiveCfg = Release|iPhone
		{DE45B72C-7451-421E-BD89-DD6BE6054970}.Release|iPhone.Build.0 = Release|iPhone
		{DE45B72C-7451-421E-BD89-DD6BE6054970}.Release|iPhoneSimulator.ActiveCfg = Release|iPhoneSimulator
		{DE45B72C-7451-421E-BD89-DD6BE6054970}.Release|iPhoneSimulator.Build.0 = Release|iPhoneSimulator
		{DE45B72C-7451-421E-BD89-DD6BE6054970}.Release|x64.ActiveCfg = Release|iPhone
		{DE45B72C-7451-421E-BD89-DD6BE6054970}.Release|x86.ActiveCfg = Release|iPhone
		{C46775C1-4C78-4CD1-B040-36762A7EE86F}.Ad-Hoc|Any CPU.ActiveCfg = Release|Any CPU
		{C46775C1-4C78-4CD1-B040-36762A7EE86F}.Ad-Hoc|Any CPU.Build.0 = Release|Any CPU
		{C46775C1-4C78-4CD1-B040-36762A7EE86F}.Ad-Hoc|Any CPU.Deploy.0 = Release|Any CPU
		{C46775C1-4C78-4CD1-B040-36762A7EE86F}.Ad-Hoc|ARM.ActiveCfg = Release|ARM
		{C46775C1-4C78-4CD1-B040-36762A7EE86F}.Ad-Hoc|ARM.Build.0 = Release|ARM
		{C46775C1-4C78-4CD1-B040-36762A7EE86F}.Ad-Hoc|ARM.Deploy.0 = Release|ARM
		{C46775C1-4C78-4CD1-B040-36762A7EE86F}.Ad-Hoc|iPhone.ActiveCfg = Release|Any CPU
		{C46775C1-4C78-4CD1-B040-36762A7EE86F}.Ad-Hoc|iPhone.Build.0 = Release|Any CPU
		{C46775C1-4C78-4CD1-B040-36762A7EE86F}.Ad-Hoc|iPhone.Deploy.0 = Release|Any CPU
		{C46775C1-4C78-4CD1-B040-36762A7EE86F}.Ad-Hoc|iPhoneSimulator.ActiveCfg = Release|Any CPU
		{C46775C1-4C78-4CD1-B040-36762A7EE86F}.Ad-Hoc|iPhoneSimulator.Build.0 = Release|Any CPU
		{C46775C1-4C78-4CD1-B040-36762A7EE86F}.Ad-Hoc|iPhoneSimulator.Deploy.0 = Release|Any CPU
		{C46775C1-4C78-4CD1-B040-36762A7EE86F}.Ad-Hoc|x64.ActiveCfg = Release|Any CPU
		{C46775C1-4C78-4CD1-B040-36762A7EE86F}.Ad-Hoc|x64.Build.0 = Release|Any CPU
		{C46775C1-4C78-4CD1-B040-36762A7EE86F}.Ad-Hoc|x64.Deploy.0 = Release|Any CPU
		{C46775C1-4C78-4CD1-B040-36762A7EE86F}.Ad-Hoc|x86.ActiveCfg = Release|x86
		{C46775C1-4C78-4CD1-B040-36762A7EE86F}.Ad-Hoc|x86.Build.0 = Release|x86
		{C46775C1-4C78-4CD1-B040-36762A7EE86F}.Ad-Hoc|x86.Deploy.0 = Release|x86
		{C46775C1-4C78-4CD1-B040-36762A7EE86F}.AppStore|Any CPU.ActiveCfg = Release|Any CPU
		{C46775C1-4C78-4CD1-B040-36762A7EE86F}.AppStore|Any CPU.Build.0 = Release|Any CPU
		{C46775C1-4C78-4CD1-B040-36762A7EE86F}.AppStore|Any CPU.Deploy.0 = Release|Any CPU
		{C46775C1-4C78-4CD1-B040-36762A7EE86F}.AppStore|ARM.ActiveCfg = Release|ARM
		{C46775C1-4C78-4CD1-B040-36762A7EE86F}.AppStore|ARM.Build.0 = Release|ARM
		{C46775C1-4C78-4CD1-B040-36762A7EE86F}.AppStore|ARM.Deploy.0 = Release|ARM
		{C46775C1-4C78-4CD1-B040-36762A7EE86F}.AppStore|iPhone.ActiveCfg = Release|Any CPU
		{C46775C1-4C78-4CD1-B040-36762A7EE86F}.AppStore|iPhone.Build.0 = Release|Any CPU
		{C46775C1-4C78-4CD1-B040-36762A7EE86F}.AppStore|iPhone.Deploy.0 = Release|Any CPU
		{C46775C1-4C78-4CD1-B040-36762A7EE86F}.AppStore|iPhoneSimulator.ActiveCfg = Release|Any CPU
		{C46775C1-4C78-4CD1-B040-36762A7EE86F}.AppStore|iPhoneSimulator.Build.0 = Release|Any CPU
		{C46775C1-4C78-4CD1-B040-36762A7EE86F}.AppStore|iPhoneSimulator.Deploy.0 = Release|Any CPU
		{C46775C1-4C78-4CD1-B040-36762A7EE86F}.AppStore|x64.ActiveCfg = Release|Any CPU
		{C46775C1-4C78-4CD1-B040-36762A7EE86F}.AppStore|x64.Build.0 = Release|Any CPU
		{C46775C1-4C78-4CD1-B040-36762A7EE86F}.AppStore|x64.Deploy.0 = Release|Any CPU
		{C46775C1-4C78-4CD1-B040-36762A7EE86F}.AppStore|x86.ActiveCfg = Release|x86
		{C46775C1-4C78-4CD1-B040-36762A7EE86F}.AppStore|x86.Build.0 = Release|x86
		{C46775C1-4C78-4CD1-B040-36762A7EE86F}.AppStore|x86.Deploy.0 = Release|x86
		{C46775C1-4C78-4CD1-B040-36762A7EE86F}.Debug|Any CPU.ActiveCfg = Debug|Any CPU
		{C46775C1-4C78-4CD1-B040-36762A7EE86F}.Debug|ARM.ActiveCfg = Debug|ARM
		{C46775C1-4C78-4CD1-B040-36762A7EE86F}.Debug|ARM.Build.0 = Debug|ARM
		{C46775C1-4C78-4CD1-B040-36762A7EE86F}.Debug|ARM.Deploy.0 = Debug|ARM
		{C46775C1-4C78-4CD1-B040-36762A7EE86F}.Debug|iPhone.ActiveCfg = Debug|Any CPU
		{C46775C1-4C78-4CD1-B040-36762A7EE86F}.Debug|iPhone.Build.0 = Debug|Any CPU
		{C46775C1-4C78-4CD1-B040-36762A7EE86F}.Debug|iPhone.Deploy.0 = Debug|Any CPU
		{C46775C1-4C78-4CD1-B040-36762A7EE86F}.Debug|iPhoneSimulator.ActiveCfg = Debug|Any CPU
		{C46775C1-4C78-4CD1-B040-36762A7EE86F}.Debug|iPhoneSimulator.Build.0 = Debug|Any CPU
		{C46775C1-4C78-4CD1-B040-36762A7EE86F}.Debug|iPhoneSimulator.Deploy.0 = Debug|Any CPU
		{C46775C1-4C78-4CD1-B040-36762A7EE86F}.Debug|x64.ActiveCfg = Debug|Any CPU
		{C46775C1-4C78-4CD1-B040-36762A7EE86F}.Debug|x64.Build.0 = Debug|Any CPU
		{C46775C1-4C78-4CD1-B040-36762A7EE86F}.Debug|x64.Deploy.0 = Debug|Any CPU
		{C46775C1-4C78-4CD1-B040-36762A7EE86F}.Debug|x86.ActiveCfg = Debug|x86
		{C46775C1-4C78-4CD1-B040-36762A7EE86F}.Debug|x86.Build.0 = Debug|x86
		{C46775C1-4C78-4CD1-B040-36762A7EE86F}.Debug|x86.Deploy.0 = Debug|x86
		{C46775C1-4C78-4CD1-B040-36762A7EE86F}.Release|Any CPU.ActiveCfg = Release|Any CPU
		{C46775C1-4C78-4CD1-B040-36762A7EE86F}.Release|Any CPU.Build.0 = Release|Any CPU
		{C46775C1-4C78-4CD1-B040-36762A7EE86F}.Release|Any CPU.Deploy.0 = Release|Any CPU
		{C46775C1-4C78-4CD1-B040-36762A7EE86F}.Release|ARM.ActiveCfg = Release|ARM
		{C46775C1-4C78-4CD1-B040-36762A7EE86F}.Release|ARM.Build.0 = Release|ARM
		{C46775C1-4C78-4CD1-B040-36762A7EE86F}.Release|ARM.Deploy.0 = Release|ARM
		{C46775C1-4C78-4CD1-B040-36762A7EE86F}.Release|iPhone.ActiveCfg = Release|Any CPU
		{C46775C1-4C78-4CD1-B040-36762A7EE86F}.Release|iPhone.Build.0 = Release|Any CPU
		{C46775C1-4C78-4CD1-B040-36762A7EE86F}.Release|iPhone.Deploy.0 = Release|Any CPU
		{C46775C1-4C78-4CD1-B040-36762A7EE86F}.Release|iPhoneSimulator.ActiveCfg = Release|Any CPU
		{C46775C1-4C78-4CD1-B040-36762A7EE86F}.Release|iPhoneSimulator.Build.0 = Release|Any CPU
		{C46775C1-4C78-4CD1-B040-36762A7EE86F}.Release|iPhoneSimulator.Deploy.0 = Release|Any CPU
		{C46775C1-4C78-4CD1-B040-36762A7EE86F}.Release|x64.ActiveCfg = Release|Any CPU
		{C46775C1-4C78-4CD1-B040-36762A7EE86F}.Release|x64.Build.0 = Release|Any CPU
		{C46775C1-4C78-4CD1-B040-36762A7EE86F}.Release|x64.Deploy.0 = Release|Any CPU
		{C46775C1-4C78-4CD1-B040-36762A7EE86F}.Release|x86.ActiveCfg = Release|x86
		{C46775C1-4C78-4CD1-B040-36762A7EE86F}.Release|x86.Build.0 = Release|x86
		{C46775C1-4C78-4CD1-B040-36762A7EE86F}.Release|x86.Deploy.0 = Release|x86
		{E7931D5F-69C6-451C-8E6A-D2C21460B3DB}.Ad-Hoc|Any CPU.ActiveCfg = Release|Any CPU
		{E7931D5F-69C6-451C-8E6A-D2C21460B3DB}.Ad-Hoc|Any CPU.Build.0 = Release|Any CPU
		{E7931D5F-69C6-451C-8E6A-D2C21460B3DB}.Ad-Hoc|Any CPU.Deploy.0 = Release|Any CPU
		{E7931D5F-69C6-451C-8E6A-D2C21460B3DB}.Ad-Hoc|ARM.ActiveCfg = Release|ARM
		{E7931D5F-69C6-451C-8E6A-D2C21460B3DB}.Ad-Hoc|ARM.Build.0 = Release|ARM
		{E7931D5F-69C6-451C-8E6A-D2C21460B3DB}.Ad-Hoc|ARM.Deploy.0 = Release|ARM
		{E7931D5F-69C6-451C-8E6A-D2C21460B3DB}.Ad-Hoc|iPhone.ActiveCfg = Release|Any CPU
		{E7931D5F-69C6-451C-8E6A-D2C21460B3DB}.Ad-Hoc|iPhone.Build.0 = Release|Any CPU
		{E7931D5F-69C6-451C-8E6A-D2C21460B3DB}.Ad-Hoc|iPhone.Deploy.0 = Release|Any CPU
		{E7931D5F-69C6-451C-8E6A-D2C21460B3DB}.Ad-Hoc|iPhoneSimulator.ActiveCfg = Release|Any CPU
		{E7931D5F-69C6-451C-8E6A-D2C21460B3DB}.Ad-Hoc|iPhoneSimulator.Build.0 = Release|Any CPU
		{E7931D5F-69C6-451C-8E6A-D2C21460B3DB}.Ad-Hoc|iPhoneSimulator.Deploy.0 = Release|Any CPU
		{E7931D5F-69C6-451C-8E6A-D2C21460B3DB}.Ad-Hoc|x64.ActiveCfg = Release|x64
		{E7931D5F-69C6-451C-8E6A-D2C21460B3DB}.Ad-Hoc|x64.Build.0 = Release|x64
		{E7931D5F-69C6-451C-8E6A-D2C21460B3DB}.Ad-Hoc|x64.Deploy.0 = Release|x64
		{E7931D5F-69C6-451C-8E6A-D2C21460B3DB}.Ad-Hoc|x86.ActiveCfg = Release|x86
		{E7931D5F-69C6-451C-8E6A-D2C21460B3DB}.Ad-Hoc|x86.Build.0 = Release|x86
		{E7931D5F-69C6-451C-8E6A-D2C21460B3DB}.Ad-Hoc|x86.Deploy.0 = Release|x86
		{E7931D5F-69C6-451C-8E6A-D2C21460B3DB}.AppStore|Any CPU.ActiveCfg = Release|Any CPU
		{E7931D5F-69C6-451C-8E6A-D2C21460B3DB}.AppStore|Any CPU.Build.0 = Release|Any CPU
		{E7931D5F-69C6-451C-8E6A-D2C21460B3DB}.AppStore|Any CPU.Deploy.0 = Release|Any CPU
		{E7931D5F-69C6-451C-8E6A-D2C21460B3DB}.AppStore|ARM.ActiveCfg = Release|ARM
		{E7931D5F-69C6-451C-8E6A-D2C21460B3DB}.AppStore|ARM.Build.0 = Release|ARM
		{E7931D5F-69C6-451C-8E6A-D2C21460B3DB}.AppStore|ARM.Deploy.0 = Release|ARM
		{E7931D5F-69C6-451C-8E6A-D2C21460B3DB}.AppStore|iPhone.ActiveCfg = Release|Any CPU
		{E7931D5F-69C6-451C-8E6A-D2C21460B3DB}.AppStore|iPhone.Build.0 = Release|Any CPU
		{E7931D5F-69C6-451C-8E6A-D2C21460B3DB}.AppStore|iPhone.Deploy.0 = Release|Any CPU
		{E7931D5F-69C6-451C-8E6A-D2C21460B3DB}.AppStore|iPhoneSimulator.ActiveCfg = Release|Any CPU
		{E7931D5F-69C6-451C-8E6A-D2C21460B3DB}.AppStore|iPhoneSimulator.Build.0 = Release|Any CPU
		{E7931D5F-69C6-451C-8E6A-D2C21460B3DB}.AppStore|iPhoneSimulator.Deploy.0 = Release|Any CPU
		{E7931D5F-69C6-451C-8E6A-D2C21460B3DB}.AppStore|x64.ActiveCfg = Release|x64
		{E7931D5F-69C6-451C-8E6A-D2C21460B3DB}.AppStore|x64.Build.0 = Release|x64
		{E7931D5F-69C6-451C-8E6A-D2C21460B3DB}.AppStore|x64.Deploy.0 = Release|x64
		{E7931D5F-69C6-451C-8E6A-D2C21460B3DB}.AppStore|x86.ActiveCfg = Release|x86
		{E7931D5F-69C6-451C-8E6A-D2C21460B3DB}.AppStore|x86.Build.0 = Release|x86
		{E7931D5F-69C6-451C-8E6A-D2C21460B3DB}.AppStore|x86.Deploy.0 = Release|x86
		{E7931D5F-69C6-451C-8E6A-D2C21460B3DB}.Debug|Any CPU.ActiveCfg = Debug|Any CPU
		{E7931D5F-69C6-451C-8E6A-D2C21460B3DB}.Debug|ARM.ActiveCfg = Debug|ARM
		{E7931D5F-69C6-451C-8E6A-D2C21460B3DB}.Debug|ARM.Build.0 = Debug|ARM
		{E7931D5F-69C6-451C-8E6A-D2C21460B3DB}.Debug|ARM.Deploy.0 = Debug|ARM
		{E7931D5F-69C6-451C-8E6A-D2C21460B3DB}.Debug|iPhone.ActiveCfg = Debug|Any CPU
		{E7931D5F-69C6-451C-8E6A-D2C21460B3DB}.Debug|iPhone.Build.0 = Debug|Any CPU
		{E7931D5F-69C6-451C-8E6A-D2C21460B3DB}.Debug|iPhone.Deploy.0 = Debug|Any CPU
		{E7931D5F-69C6-451C-8E6A-D2C21460B3DB}.Debug|iPhoneSimulator.ActiveCfg = Debug|Any CPU
		{E7931D5F-69C6-451C-8E6A-D2C21460B3DB}.Debug|iPhoneSimulator.Build.0 = Debug|Any CPU
		{E7931D5F-69C6-451C-8E6A-D2C21460B3DB}.Debug|iPhoneSimulator.Deploy.0 = Debug|Any CPU
		{E7931D5F-69C6-451C-8E6A-D2C21460B3DB}.Debug|x64.ActiveCfg = Debug|x64
		{E7931D5F-69C6-451C-8E6A-D2C21460B3DB}.Debug|x64.Build.0 = Debug|x64
		{E7931D5F-69C6-451C-8E6A-D2C21460B3DB}.Debug|x64.Deploy.0 = Debug|x64
		{E7931D5F-69C6-451C-8E6A-D2C21460B3DB}.Debug|x86.ActiveCfg = Debug|x86
		{E7931D5F-69C6-451C-8E6A-D2C21460B3DB}.Debug|x86.Build.0 = Debug|x86
		{E7931D5F-69C6-451C-8E6A-D2C21460B3DB}.Debug|x86.Deploy.0 = Debug|x86
		{E7931D5F-69C6-451C-8E6A-D2C21460B3DB}.Release|Any CPU.ActiveCfg = Release|Any CPU
		{E7931D5F-69C6-451C-8E6A-D2C21460B3DB}.Release|Any CPU.Build.0 = Release|Any CPU
		{E7931D5F-69C6-451C-8E6A-D2C21460B3DB}.Release|Any CPU.Deploy.0 = Release|Any CPU
		{E7931D5F-69C6-451C-8E6A-D2C21460B3DB}.Release|ARM.ActiveCfg = Release|ARM
		{E7931D5F-69C6-451C-8E6A-D2C21460B3DB}.Release|ARM.Build.0 = Release|ARM
		{E7931D5F-69C6-451C-8E6A-D2C21460B3DB}.Release|ARM.Deploy.0 = Release|ARM
		{E7931D5F-69C6-451C-8E6A-D2C21460B3DB}.Release|iPhone.ActiveCfg = Release|Any CPU
		{E7931D5F-69C6-451C-8E6A-D2C21460B3DB}.Release|iPhone.Build.0 = Release|Any CPU
		{E7931D5F-69C6-451C-8E6A-D2C21460B3DB}.Release|iPhone.Deploy.0 = Release|Any CPU
		{E7931D5F-69C6-451C-8E6A-D2C21460B3DB}.Release|iPhoneSimulator.ActiveCfg = Release|Any CPU
		{E7931D5F-69C6-451C-8E6A-D2C21460B3DB}.Release|iPhoneSimulator.Build.0 = Release|Any CPU
		{E7931D5F-69C6-451C-8E6A-D2C21460B3DB}.Release|iPhoneSimulator.Deploy.0 = Release|Any CPU
		{E7931D5F-69C6-451C-8E6A-D2C21460B3DB}.Release|x64.ActiveCfg = Release|x64
		{E7931D5F-69C6-451C-8E6A-D2C21460B3DB}.Release|x64.Build.0 = Release|x64
		{E7931D5F-69C6-451C-8E6A-D2C21460B3DB}.Release|x64.Deploy.0 = Release|x64
		{E7931D5F-69C6-451C-8E6A-D2C21460B3DB}.Release|x86.ActiveCfg = Release|x86
		{E7931D5F-69C6-451C-8E6A-D2C21460B3DB}.Release|x86.Build.0 = Release|x86
		{E7931D5F-69C6-451C-8E6A-D2C21460B3DB}.Release|x86.Deploy.0 = Release|x86
		{2AE49240-F391-4A1D-9FB9-2EDCA4C8B707}.Ad-Hoc|Any CPU.ActiveCfg = Release|Any CPU
		{2AE49240-F391-4A1D-9FB9-2EDCA4C8B707}.Ad-Hoc|Any CPU.Build.0 = Release|Any CPU
		{2AE49240-F391-4A1D-9FB9-2EDCA4C8B707}.Ad-Hoc|ARM.ActiveCfg = Release|Any CPU
		{2AE49240-F391-4A1D-9FB9-2EDCA4C8B707}.Ad-Hoc|ARM.Build.0 = Release|Any CPU
		{2AE49240-F391-4A1D-9FB9-2EDCA4C8B707}.Ad-Hoc|iPhone.ActiveCfg = Release|Any CPU
		{2AE49240-F391-4A1D-9FB9-2EDCA4C8B707}.Ad-Hoc|iPhone.Build.0 = Release|Any CPU
		{2AE49240-F391-4A1D-9FB9-2EDCA4C8B707}.Ad-Hoc|iPhoneSimulator.ActiveCfg = Release|Any CPU
		{2AE49240-F391-4A1D-9FB9-2EDCA4C8B707}.Ad-Hoc|iPhoneSimulator.Build.0 = Release|Any CPU
		{2AE49240-F391-4A1D-9FB9-2EDCA4C8B707}.Ad-Hoc|x64.ActiveCfg = Release|Any CPU
		{2AE49240-F391-4A1D-9FB9-2EDCA4C8B707}.Ad-Hoc|x64.Build.0 = Release|Any CPU
		{2AE49240-F391-4A1D-9FB9-2EDCA4C8B707}.Ad-Hoc|x86.ActiveCfg = Release|Any CPU
		{2AE49240-F391-4A1D-9FB9-2EDCA4C8B707}.Ad-Hoc|x86.Build.0 = Release|Any CPU
		{2AE49240-F391-4A1D-9FB9-2EDCA4C8B707}.AppStore|Any CPU.ActiveCfg = Release|Any CPU
		{2AE49240-F391-4A1D-9FB9-2EDCA4C8B707}.AppStore|Any CPU.Build.0 = Release|Any CPU
		{2AE49240-F391-4A1D-9FB9-2EDCA4C8B707}.AppStore|ARM.ActiveCfg = Release|Any CPU
		{2AE49240-F391-4A1D-9FB9-2EDCA4C8B707}.AppStore|ARM.Build.0 = Release|Any CPU
		{2AE49240-F391-4A1D-9FB9-2EDCA4C8B707}.AppStore|iPhone.ActiveCfg = Release|Any CPU
		{2AE49240-F391-4A1D-9FB9-2EDCA4C8B707}.AppStore|iPhone.Build.0 = Release|Any CPU
		{2AE49240-F391-4A1D-9FB9-2EDCA4C8B707}.AppStore|iPhoneSimulator.ActiveCfg = Release|Any CPU
		{2AE49240-F391-4A1D-9FB9-2EDCA4C8B707}.AppStore|iPhoneSimulator.Build.0 = Release|Any CPU
		{2AE49240-F391-4A1D-9FB9-2EDCA4C8B707}.AppStore|x64.ActiveCfg = Release|Any CPU
		{2AE49240-F391-4A1D-9FB9-2EDCA4C8B707}.AppStore|x64.Build.0 = Release|Any CPU
		{2AE49240-F391-4A1D-9FB9-2EDCA4C8B707}.AppStore|x86.ActiveCfg = Release|Any CPU
		{2AE49240-F391-4A1D-9FB9-2EDCA4C8B707}.AppStore|x86.Build.0 = Release|Any CPU
		{2AE49240-F391-4A1D-9FB9-2EDCA4C8B707}.Debug|Any CPU.ActiveCfg = Debug|Any CPU
		{2AE49240-F391-4A1D-9FB9-2EDCA4C8B707}.Debug|Any CPU.Build.0 = Debug|Any CPU
		{2AE49240-F391-4A1D-9FB9-2EDCA4C8B707}.Debug|ARM.ActiveCfg = Debug|Any CPU
		{2AE49240-F391-4A1D-9FB9-2EDCA4C8B707}.Debug|ARM.Build.0 = Debug|Any CPU
		{2AE49240-F391-4A1D-9FB9-2EDCA4C8B707}.Debug|iPhone.ActiveCfg = Debug|Any CPU
		{2AE49240-F391-4A1D-9FB9-2EDCA4C8B707}.Debug|iPhone.Build.0 = Debug|Any CPU
		{2AE49240-F391-4A1D-9FB9-2EDCA4C8B707}.Debug|iPhoneSimulator.ActiveCfg = Debug|Any CPU
		{2AE49240-F391-4A1D-9FB9-2EDCA4C8B707}.Debug|iPhoneSimulator.Build.0 = Debug|Any CPU
		{2AE49240-F391-4A1D-9FB9-2EDCA4C8B707}.Debug|x64.ActiveCfg = Debug|Any CPU
		{2AE49240-F391-4A1D-9FB9-2EDCA4C8B707}.Debug|x64.Build.0 = Debug|Any CPU
		{2AE49240-F391-4A1D-9FB9-2EDCA4C8B707}.Debug|x86.ActiveCfg = Debug|Any CPU
		{2AE49240-F391-4A1D-9FB9-2EDCA4C8B707}.Debug|x86.Build.0 = Debug|Any CPU
		{2AE49240-F391-4A1D-9FB9-2EDCA4C8B707}.Release|Any CPU.ActiveCfg = Release|Any CPU
		{2AE49240-F391-4A1D-9FB9-2EDCA4C8B707}.Release|Any CPU.Build.0 = Release|Any CPU
		{2AE49240-F391-4A1D-9FB9-2EDCA4C8B707}.Release|ARM.ActiveCfg = Release|Any CPU
		{2AE49240-F391-4A1D-9FB9-2EDCA4C8B707}.Release|ARM.Build.0 = Release|Any CPU
		{2AE49240-F391-4A1D-9FB9-2EDCA4C8B707}.Release|iPhone.ActiveCfg = Release|Any CPU
		{2AE49240-F391-4A1D-9FB9-2EDCA4C8B707}.Release|iPhone.Build.0 = Release|Any CPU
		{2AE49240-F391-4A1D-9FB9-2EDCA4C8B707}.Release|iPhoneSimulator.ActiveCfg = Release|Any CPU
		{2AE49240-F391-4A1D-9FB9-2EDCA4C8B707}.Release|iPhoneSimulator.Build.0 = Release|Any CPU
		{2AE49240-F391-4A1D-9FB9-2EDCA4C8B707}.Release|x64.ActiveCfg = Release|Any CPU
		{2AE49240-F391-4A1D-9FB9-2EDCA4C8B707}.Release|x64.Build.0 = Release|Any CPU
		{2AE49240-F391-4A1D-9FB9-2EDCA4C8B707}.Release|x86.ActiveCfg = Release|Any CPU
		{2AE49240-F391-4A1D-9FB9-2EDCA4C8B707}.Release|x86.Build.0 = Release|Any CPU
		{4662E954-4671-4FBD-BE44-75F5DA26E9B1}.Ad-Hoc|Any CPU.ActiveCfg = Release|x64
		{4662E954-4671-4FBD-BE44-75F5DA26E9B1}.Ad-Hoc|Any CPU.Build.0 = Release|x64
		{4662E954-4671-4FBD-BE44-75F5DA26E9B1}.Ad-Hoc|Any CPU.Deploy.0 = Release|x64
		{4662E954-4671-4FBD-BE44-75F5DA26E9B1}.Ad-Hoc|ARM.ActiveCfg = Release|ARM
		{4662E954-4671-4FBD-BE44-75F5DA26E9B1}.Ad-Hoc|ARM.Build.0 = Release|ARM
		{4662E954-4671-4FBD-BE44-75F5DA26E9B1}.Ad-Hoc|ARM.Deploy.0 = Release|ARM
		{4662E954-4671-4FBD-BE44-75F5DA26E9B1}.Ad-Hoc|iPhone.ActiveCfg = Release|x64
		{4662E954-4671-4FBD-BE44-75F5DA26E9B1}.Ad-Hoc|iPhone.Build.0 = Release|x64
		{4662E954-4671-4FBD-BE44-75F5DA26E9B1}.Ad-Hoc|iPhone.Deploy.0 = Release|x64
		{4662E954-4671-4FBD-BE44-75F5DA26E9B1}.Ad-Hoc|iPhoneSimulator.ActiveCfg = Release|x64
		{4662E954-4671-4FBD-BE44-75F5DA26E9B1}.Ad-Hoc|iPhoneSimulator.Build.0 = Release|x64
		{4662E954-4671-4FBD-BE44-75F5DA26E9B1}.Ad-Hoc|iPhoneSimulator.Deploy.0 = Release|x64
		{4662E954-4671-4FBD-BE44-75F5DA26E9B1}.Ad-Hoc|x64.ActiveCfg = Release|x64
		{4662E954-4671-4FBD-BE44-75F5DA26E9B1}.Ad-Hoc|x64.Build.0 = Release|x64
		{4662E954-4671-4FBD-BE44-75F5DA26E9B1}.Ad-Hoc|x64.Deploy.0 = Release|x64
		{4662E954-4671-4FBD-BE44-75F5DA26E9B1}.Ad-Hoc|x86.ActiveCfg = Release|x86
		{4662E954-4671-4FBD-BE44-75F5DA26E9B1}.Ad-Hoc|x86.Build.0 = Release|x86
		{4662E954-4671-4FBD-BE44-75F5DA26E9B1}.Ad-Hoc|x86.Deploy.0 = Release|x86
		{4662E954-4671-4FBD-BE44-75F5DA26E9B1}.AppStore|Any CPU.ActiveCfg = Release|x64
		{4662E954-4671-4FBD-BE44-75F5DA26E9B1}.AppStore|Any CPU.Build.0 = Release|x64
		{4662E954-4671-4FBD-BE44-75F5DA26E9B1}.AppStore|Any CPU.Deploy.0 = Release|x64
		{4662E954-4671-4FBD-BE44-75F5DA26E9B1}.AppStore|ARM.ActiveCfg = Release|ARM
		{4662E954-4671-4FBD-BE44-75F5DA26E9B1}.AppStore|ARM.Build.0 = Release|ARM
		{4662E954-4671-4FBD-BE44-75F5DA26E9B1}.AppStore|ARM.Deploy.0 = Release|ARM
		{4662E954-4671-4FBD-BE44-75F5DA26E9B1}.AppStore|iPhone.ActiveCfg = Release|x64
		{4662E954-4671-4FBD-BE44-75F5DA26E9B1}.AppStore|iPhone.Build.0 = Release|x64
		{4662E954-4671-4FBD-BE44-75F5DA26E9B1}.AppStore|iPhone.Deploy.0 = Release|x64
		{4662E954-4671-4FBD-BE44-75F5DA26E9B1}.AppStore|iPhoneSimulator.ActiveCfg = Release|x64
		{4662E954-4671-4FBD-BE44-75F5DA26E9B1}.AppStore|iPhoneSimulator.Build.0 = Release|x64
		{4662E954-4671-4FBD-BE44-75F5DA26E9B1}.AppStore|iPhoneSimulator.Deploy.0 = Release|x64
		{4662E954-4671-4FBD-BE44-75F5DA26E9B1}.AppStore|x64.ActiveCfg = Release|x64
		{4662E954-4671-4FBD-BE44-75F5DA26E9B1}.AppStore|x64.Build.0 = Release|x64
		{4662E954-4671-4FBD-BE44-75F5DA26E9B1}.AppStore|x64.Deploy.0 = Release|x64
		{4662E954-4671-4FBD-BE44-75F5DA26E9B1}.AppStore|x86.ActiveCfg = Release|x86
		{4662E954-4671-4FBD-BE44-75F5DA26E9B1}.AppStore|x86.Build.0 = Release|x86
		{4662E954-4671-4FBD-BE44-75F5DA26E9B1}.AppStore|x86.Deploy.0 = Release|x86
		{4662E954-4671-4FBD-BE44-75F5DA26E9B1}.Debug|Any CPU.ActiveCfg = Debug|x86
		{4662E954-4671-4FBD-BE44-75F5DA26E9B1}.Debug|ARM.ActiveCfg = Debug|ARM
		{4662E954-4671-4FBD-BE44-75F5DA26E9B1}.Debug|ARM.Build.0 = Debug|ARM
		{4662E954-4671-4FBD-BE44-75F5DA26E9B1}.Debug|ARM.Deploy.0 = Debug|ARM
		{4662E954-4671-4FBD-BE44-75F5DA26E9B1}.Debug|iPhone.ActiveCfg = Debug|x86
		{4662E954-4671-4FBD-BE44-75F5DA26E9B1}.Debug|iPhoneSimulator.ActiveCfg = Debug|x86
		{4662E954-4671-4FBD-BE44-75F5DA26E9B1}.Debug|x64.ActiveCfg = Debug|x64
		{4662E954-4671-4FBD-BE44-75F5DA26E9B1}.Debug|x64.Build.0 = Debug|x64
		{4662E954-4671-4FBD-BE44-75F5DA26E9B1}.Debug|x64.Deploy.0 = Debug|x64
		{4662E954-4671-4FBD-BE44-75F5DA26E9B1}.Debug|x86.ActiveCfg = Debug|x86
		{4662E954-4671-4FBD-BE44-75F5DA26E9B1}.Debug|x86.Build.0 = Debug|x86
		{4662E954-4671-4FBD-BE44-75F5DA26E9B1}.Debug|x86.Deploy.0 = Debug|x86
		{4662E954-4671-4FBD-BE44-75F5DA26E9B1}.Release|Any CPU.ActiveCfg = Release|x86
		{4662E954-4671-4FBD-BE44-75F5DA26E9B1}.Release|ARM.ActiveCfg = Release|ARM
		{4662E954-4671-4FBD-BE44-75F5DA26E9B1}.Release|ARM.Build.0 = Release|ARM
		{4662E954-4671-4FBD-BE44-75F5DA26E9B1}.Release|ARM.Deploy.0 = Release|ARM
		{4662E954-4671-4FBD-BE44-75F5DA26E9B1}.Release|iPhone.ActiveCfg = Release|x86
		{4662E954-4671-4FBD-BE44-75F5DA26E9B1}.Release|iPhoneSimulator.ActiveCfg = Release|x86
		{4662E954-4671-4FBD-BE44-75F5DA26E9B1}.Release|x64.ActiveCfg = Release|x64
		{4662E954-4671-4FBD-BE44-75F5DA26E9B1}.Release|x64.Build.0 = Release|x64
		{4662E954-4671-4FBD-BE44-75F5DA26E9B1}.Release|x64.Deploy.0 = Release|x64
		{4662E954-4671-4FBD-BE44-75F5DA26E9B1}.Release|x86.ActiveCfg = Release|x86
		{4662E954-4671-4FBD-BE44-75F5DA26E9B1}.Release|x86.Build.0 = Release|x86
		{4662E954-4671-4FBD-BE44-75F5DA26E9B1}.Release|x86.Deploy.0 = Release|x86
	EndGlobalSection
	GlobalSection(SolutionProperties) = preSolution
		HideSolutionNode = FALSE
	EndGlobalSection
EndGlobal
